
Microsoft Visual Studio Solution File, Format Version 12.00
Project("{FAE04EC0-301F-11D3-BF4B-00C04F79EFBC}") = "SaberInteractiveTest", "SaberInteractiveTest\SaberInteractiveTest.csproj", "{77B03ED1-C701-4266-AAC6-DE49EA119FFE}"
EndProject
Global
	GlobalSection(SolutionConfigurationPlatforms) = preSolution
		Debug|Any CPU = Debug|Any CPU
		Release|Any CPU = Release|Any CPU
	EndGlobalSection
	GlobalSection(ProjectConfigurationPlatforms) = postSolution
		{77B03ED1-C701-4266-AAC6-DE49EA119FFE}.Debug|Any CPU.ActiveCfg = Debug|Any CPU
		{77B03ED1-C701-4266-AAC6-DE49EA119FFE}.Debug|Any CPU.Build.0 = Debug|Any CPU
		{77B03ED1-C701-4266-AAC6-DE49EA119FFE}.Release|Any CPU.ActiveCfg = Release|Any CPU
		{77B03ED1-C701-4266-AAC6-DE49EA119FFE}.Release|Any CPU.Build.0 = Release|Any CPU
	EndGlobalSection
EndGlobal
